
Microsoft Visual Studio Solution File, Format Version 12.00
# Visual Studio Version 17
VisualStudioVersion = 17.13.35617.110
MinimumVisualStudioVersion = 10.0.40219.1
Project("{FAE04EC0-301F-11D3-BF4B-00C04F79EFBC}") = "QueryService", "QueryService\QueryService.csproj", "{8C21FFB7-C7B4-4B11-91C7-3751CB646457}"
	ProjectSection(ProjectDependencies) = postProject
		{749351EC-FD4B-4946-B1A9-4DE36F52F238} = {749351EC-FD4B-4946-B1A9-4DE36F52F238}
		{88EB93F0-033A-4BAA-83F6-BF483420393E} = {88EB93F0-033A-4BAA-83F6-BF483420393E}
		{B588C08F-C94D-4D5A-458B-4B58731BEFCD} = {B588C08F-C94D-4D5A-458B-4B58731BEFCD}
	EndProjectSection
EndProject
Project("{FAE04EC0-301F-11D3-BF4B-00C04F79EFBC}") = "CommandService", "CommandService\CommandService.csproj", "{B788E671-AEAC-495A-A1A1-63C1E53FF1FE}"
	ProjectSection(ProjectDependencies) = postProject
		{749351EC-FD4B-4946-B1A9-4DE36F52F238} = {749351EC-FD4B-4946-B1A9-4DE36F52F238}
		{88EB93F0-033A-4BAA-83F6-BF483420393E} = {88EB93F0-033A-4BAA-83F6-BF483420393E}
		{B588C08F-C94D-4D5A-458B-4B58731BEFCD} = {B588C08F-C94D-4D5A-458B-4B58731BEFCD}
	EndProjectSection
EndProject
Project("{FAE04EC0-301F-11D3-BF4B-00C04F79EFBC}") = "RabbitHelper", "..\RabbitHelper\RabbitHelper.csproj", "{B588C08F-C94D-4D5A-458B-4B58731BEFCD}"
EndProject
Project("{FAE04EC0-301F-11D3-BF4B-00C04F79EFBC}") = "Models", "Models\Models.csproj", "{88EB93F0-033A-4BAA-83F6-BF483420393E}"
EndProject
Project("{FAE04EC0-301F-11D3-BF4B-00C04F79EFBC}") = "Application", "Application\Application.csproj", "{749351EC-FD4B-4946-B1A9-4DE36F52F238}"
EndProject
Project("{FAE04EC0-301F-11D3-BF4B-00C04F79EFBC}") = "Infrastructure", "Infrastructure\Infrastructure.csproj", "{534E43FD-CCB9-4B44-B02C-0A6808F5D1DC}"
	ProjectSection(ProjectDependencies) = postProject
		{88EB93F0-033A-4BAA-83F6-BF483420393E} = {88EB93F0-033A-4BAA-83F6-BF483420393E}
	EndProjectSection
EndProject
Project("{FAE04EC0-301F-11D3-BF4B-00C04F79EFBC}") = "EventSyncService", "EventSyncService\EventSyncService.csproj", "{EF6F7018-CBBB-424E-BCD5-680091699768}"
EndProject
Project("{FAE04EC0-301F-11D3-BF4B-00C04F79EFBC}") = "TestEnvironment", "TestEnviroment\TestEnvironment.csproj", "{E197E802-ADBB-40E9-8FA2-049649C76CAE}"
EndProject
Project("{FAE04EC0-301F-11D3-BF4B-00C04F79EFBC}") = "APIGatewayService", "APIGatewayService\APIGatewayService.csproj", "{4470B925-8047-46F3-BC44-77F5919999C6}"
EndProject
Project("{2150E333-8FDC-42A3-9474-1A3956D46DE8}") = "SolutionsItems", "SolutionsItems", "{02EA681E-C7D8-13C7-8484-4AC65E1B71E8}"
	ProjectSection(SolutionItems) = preProject
		.env = .env
	EndProjectSection
EndProject
Global
	GlobalSection(SolutionConfigurationPlatforms) = preSolution
		Debug|Any CPU = Debug|Any CPU
		Release|Any CPU = Release|Any CPU
	EndGlobalSection
	GlobalSection(ProjectConfigurationPlatforms) = postSolution
		{8C21FFB7-C7B4-4B11-91C7-3751CB646457}.Debug|Any CPU.ActiveCfg = Debug|Any CPU
		{8C21FFB7-C7B4-4B11-91C7-3751CB646457}.Debug|Any CPU.Build.0 = Debug|Any CPU
		{8C21FFB7-C7B4-4B11-91C7-3751CB646457}.Release|Any CPU.ActiveCfg = Release|Any CPU
		{8C21FFB7-C7B4-4B11-91C7-3751CB646457}.Release|Any CPU.Build.0 = Release|Any CPU
		{B788E671-AEAC-495A-A1A1-63C1E53FF1FE}.Debug|Any CPU.ActiveCfg = Debug|Any CPU
		{B788E671-AEAC-495A-A1A1-63C1E53FF1FE}.Debug|Any CPU.Build.0 = Debug|Any CPU
		{B788E671-AEAC-495A-A1A1-63C1E53FF1FE}.Release|Any CPU.ActiveCfg = Release|Any CPU
		{B788E671-AEAC-495A-A1A1-63C1E53FF1FE}.Release|Any CPU.Build.0 = Release|Any CPU
		{B588C08F-C94D-4D5A-458B-4B58731BEFCD}.Debug|Any CPU.ActiveCfg = Debug|Any CPU
		{B588C08F-C94D-4D5A-458B-4B58731BEFCD}.Debug|Any CPU.Build.0 = Debug|Any CPU
		{B588C08F-C94D-4D5A-458B-4B58731BEFCD}.Release|Any CPU.ActiveCfg = Release|Any CPU
		{B588C08F-C94D-4D5A-458B-4B58731BEFCD}.Release|Any CPU.Build.0 = Release|Any CPU
		{88EB93F0-033A-4BAA-83F6-BF483420393E}.Debug|Any CPU.ActiveCfg = Debug|Any CPU
		{88EB93F0-033A-4BAA-83F6-BF483420393E}.Debug|Any CPU.Build.0 = Debug|Any CPU
		{88EB93F0-033A-4BAA-83F6-BF483420393E}.Release|Any CPU.ActiveCfg = Release|Any CPU
		{88EB93F0-033A-4BAA-83F6-BF483420393E}.Release|Any CPU.Build.0 = Release|Any CPU
		{749351EC-FD4B-4946-B1A9-4DE36F52F238}.Debug|Any CPU.ActiveCfg = Debug|Any CPU
		{749351EC-FD4B-4946-B1A9-4DE36F52F238}.Debug|Any CPU.Build.0 = Debug|Any CPU
		{749351EC-FD4B-4946-B1A9-4DE36F52F238}.Release|Any CPU.ActiveCfg = Release|Any CPU
		{749351EC-FD4B-4946-B1A9-4DE36F52F238}.Release|Any CPU.Build.0 = Release|Any CPU
		{534E43FD-CCB9-4B44-B02C-0A6808F5D1DC}.Debug|Any CPU.ActiveCfg = Debug|Any CPU
		{534E43FD-CCB9-4B44-B02C-0A6808F5D1DC}.Debug|Any CPU.Build.0 = Debug|Any CPU
		{534E43FD-CCB9-4B44-B02C-0A6808F5D1DC}.Release|Any CPU.ActiveCfg = Release|Any CPU
		{534E43FD-CCB9-4B44-B02C-0A6808F5D1DC}.Release|Any CPU.Build.0 = Release|Any CPU
		{EF6F7018-CBBB-424E-BCD5-680091699768}.Debug|Any CPU.ActiveCfg = Debug|Any CPU
		{EF6F7018-CBBB-424E-BCD5-680091699768}.Debug|Any CPU.Build.0 = Debug|Any CPU
		{EF6F7018-CBBB-424E-BCD5-680091699768}.Release|Any CPU.ActiveCfg = Release|Any CPU
		{EF6F7018-CBBB-424E-BCD5-680091699768}.Release|Any CPU.Build.0 = Release|Any CPU
		{E197E802-ADBB-40E9-8FA2-049649C76CAE}.Debug|Any CPU.ActiveCfg = Debug|Any CPU
		{E197E802-ADBB-40E9-8FA2-049649C76CAE}.Debug|Any CPU.Build.0 = Debug|Any CPU
		{E197E802-ADBB-40E9-8FA2-049649C76CAE}.Release|Any CPU.ActiveCfg = Release|Any CPU
		{E197E802-ADBB-40E9-8FA2-049649C76CAE}.Release|Any CPU.Build.0 = Release|Any CPU
		{4470B925-8047-46F3-BC44-77F5919999C6}.Debug|Any CPU.ActiveCfg = Debug|Any CPU
		{4470B925-8047-46F3-BC44-77F5919999C6}.Debug|Any CPU.Build.0 = Debug|Any CPU
		{4470B925-8047-46F3-BC44-77F5919999C6}.Release|Any CPU.ActiveCfg = Release|Any CPU
		{4470B925-8047-46F3-BC44-77F5919999C6}.Release|Any CPU.Build.0 = Release|Any CPU
	EndGlobalSection
	GlobalSection(SolutionProperties) = preSolution
		HideSolutionNode = FALSE
	EndGlobalSection
	GlobalSection(ExtensibilityGlobals) = postSolution
		SolutionGuid = {C8DAED80-575B-487C-A5CC-E577C450F3FF}
	EndGlobalSection
EndGlobal
